// !$*UTF8*$!
{
	archiveVersion = 1;
	classes = {
	};
	objectVersion = 50;
	objects = {

/* Begin PBXBuildFile section */
		FF9FBCE522A5C0DD00A0C5E3 /* AppDelegate.swift in Sources */ = {isa = PBXBuildFile; fileRef = FF9FBCE422A5C0DD00A0C5E3 /* AppDelegate.swift */; };
		FF9FBCE722A5C0DD00A0C5E3 /* ViewController.swift in Sources */ = {isa = PBXBuildFile; fileRef = FF9FBCE622A5C0DD00A0C5E3 /* ViewController.swift */; };
		FF9FBCEA22A5C0DD00A0C5E3 /* Main.storyboard in Resources */ = {isa = PBXBuildFile; fileRef = FF9FBCE822A5C0DD00A0C5E3 /* Main.storyboard */; };
		FF9FBCEC22A5C0DE00A0C5E3 /* Assets.xcassets in Resources */ = {isa = PBXBuildFile; fileRef = FF9FBCEB22A5C0DE00A0C5E3 /* Assets.xcassets */; };
		FF9FBCEF22A5C0DE00A0C5E3 /* LaunchScreen.storyboard in Resources */ = {isa = PBXBuildFile; fileRef = FF9FBCED22A5C0DE00A0C5E3 /* LaunchScreen.storyboard */; };
/* End PBXBuildFile section */

/* Begin PBXFileReference section */
		FF9FBCE122A5C0DD00A0C5E3 /* CoreData Journal.app */ = {isa = PBXFileReference; explicitFileType = wrapper.application; includeInIndex = 0; path = "CoreData Journal.app"; sourceTree = BUILT_PRODUCTS_DIR; };
		FF9FBCE422A5C0DD00A0C5E3 /* AppDelegate.swift */ = {isa = PBXFileReference; lastKnownFileType = sourcecode.swift; path = AppDelegate.swift; sourceTree = "<group>"; };
		FF9FBCE622A5C0DD00A0C5E3 /* ViewController.swift */ = {isa = PBXFileReference; lastKnownFileType = sourcecode.swift; path = ViewController.swift; sourceTree = "<group>"; };
		FF9FBCE922A5C0DD00A0C5E3 /* Base */ = {isa = PBXFileReference; lastKnownFileType = file.storyboard; name = Base; path = Base.lproj/Main.storyboard; sourceTree = "<group>"; };
		FF9FBCEB22A5C0DE00A0C5E3 /* Assets.xcassets */ = {isa = PBXFileReference; lastKnownFileType = folder.assetcatalog; path = Assets.xcassets; sourceTree = "<group>"; };
		FF9FBCEE22A5C0DE00A0C5E3 /* Base */ = {isa = PBXFileReference; lastKnownFileType = file.storyboard; name = Base; path = Base.lproj/LaunchScreen.storyboard; sourceTree = "<group>"; };
		FF9FBCF022A5C0DE00A0C5E3 /* Info.plist */ = {isa = PBXFileReference; lastKnownFileType = text.plist.xml; path = Info.plist; sourceTree = "<group>"; };
/* End PBXFileReference section */

/* Begin PBXFrameworksBuildPhase section */
		FF9FBCDE22A5C0DD00A0C5E3 /* Frameworks */ = {
			isa = PBXFrameworksBuildPhase;
			buildActionMask = 2147483647;
			files = (
			);
			runOnlyForDeploymentPostprocessing = 0;
		};
/* End PBXFrameworksBuildPhase section */

/* Begin PBXGroup section */
		FF9FBCD822A5C0DD00A0C5E3 = {
			isa = PBXGroup;
			children = (
				FF9FBCE322A5C0DD00A0C5E3 /* CoreData Journal */,
				FF9FBCE222A5C0DD00A0C5E3 /* Products */,
			);
			sourceTree = "<group>";
		};
		FF9FBCE222A5C0DD00A0C5E3 /* Products */ = {
			isa = PBXGroup;
			children = (
				FF9FBCE122A5C0DD00A0C5E3 /* CoreData Journal.app */,
			);
			name = Products;
			sourceTree = "<group>";
		};
		FF9FBCE322A5C0DD00A0C5E3 /* CoreData Journal */ = {
			isa = PBXGroup;
			children = (
				FF9FBCE422A5C0DD00A0C5E3 /* AppDelegate.swift */,
				FF9FBCE622A5C0DD00A0C5E3 /* ViewController.swift */,
				FF9FBCE822A5C0DD00A0C5E3 /* Main.storyboard */,
				FF9FBCEB22A5C0DE00A0C5E3 /* Assets.xcassets */,
				FF9FBCED22A5C0DE00A0C5E3 /* LaunchScreen.storyboard */,
				FF9FBCF022A5C0DE00A0C5E3 /* Info.plist */,
			);
			path = "CoreData Journal";
			sourceTree = "<group>";
		};
/* End PBXGroup section */

/* Begin PBXNativeTarget section */
		FF9FBCE022A5C0DD00A0C5E3 /* CoreData Journal */ = {
			isa = PBXNativeTarget;
			buildConfigurationList = FF9FBCF322A5C0DE00A0C5E3 /* Build configuration list for PBXNativeTarget "CoreData Journal" */;
			buildPhases = (
				FF9FBCDD22A5C0DD00A0C5E3 /* Sources */,
				FF9FBCDE22A5C0DD00A0C5E3 /* Frameworks */,
				FF9FBCDF22A5C0DD00A0C5E3 /* Resources */,
			);
			buildRules = (
			);
			dependencies = (
			);
			name = "CoreData Journal";
			productName = "CoreData Journal";
			productReference = FF9FBCE122A5C0DD00A0C5E3 /* CoreData Journal.app */;
			productType = "com.apple.product-type.application";
		};
/* End PBXNativeTarget section */

/* Begin PBXProject section */
		FF9FBCD922A5C0DD00A0C5E3 /* Project object */ = {
			isa = PBXProject;
			attributes = {
				LastSwiftUpdateCheck = 1020;
				LastUpgradeCheck = 1020;
				ORGANIZATIONNAME = "Lisa M Sampson";
				TargetAttributes = {
					FF9FBCE022A5C0DD00A0C5E3 = {
						CreatedOnToolsVersion = 10.2.1;
					};
				};
			};
			buildConfigurationList = FF9FBCDC22A5C0DD00A0C5E3 /* Build configuration list for PBXProject "CoreData Journal" */;
			compatibilityVersion = "Xcode 9.3";
			developmentRegion = en;
			hasScannedForEncodings = 0;
			knownRegions = (
				en,
				Base,
			);
			mainGroup = FF9FBCD822A5C0DD00A0C5E3;
			productRefGroup = FF9FBCE222A5C0DD00A0C5E3 /* Products */;
			projectDirPath = "";
			projectRoot = "";
			targets = (
				FF9FBCE022A5C0DD00A0C5E3 /* CoreData Journal */,
			);
		};
/* End PBXProject section */

/* Begin PBXResourcesBuildPhase section */
		FF9FBCDF22A5C0DD00A0C5E3 /* Resources */ = {
			isa = PBXResourcesBuildPhase;
			buildActionMask = 2147483647;
			files = (
				FF9FBCEF22A5C0DE00A0C5E3 /* LaunchScreen.storyboard in Resources */,
				FF9FBCEC22A5C0DE00A0C5E3 /* Assets.xcassets in Resources */,
				FF9FBCEA22A5C0DD00A0C5E3 /* Main.storyboard in Resources */,
			);
			runOnlyForDeploymentPostprocessing = 0;
		};
/* End PBXResourcesBuildPhase section */

/* Begin PBXSourcesBuildPhase section */
		FF9FBCDD22A5C0DD00A0C5E3 /* Sources */ = {
			isa = PBXSourcesBuildPhase;
			buildActionMask = 2147483647;
			files = (
				FF9FBCE722A5C0DD00A0C5E3 /* ViewController.swift in Sources */,
				FF9FBCE522A5C0DD00A0C5E3 /* AppDelegate.swift in Sources */,
			);
			runOnlyForDeploymentPostprocessing = 0;
		};
/* End PBXSourcesBuildPhase section */

/* Begin PBXVariantGroup section */
		FF9FBCE822A5C0DD00A0C5E3 /* Main.storyboard */ = {
			isa = PBXVariantGroup;
			children = (
				FF9FBCE922A5C0DD00A0C5E3 /* Base */,
			);
			name = Main.storyboard;
			sourceTree = "<group>";
		};
		FF9FBCED22A5C0DE00A0C5E3 /* LaunchScreen.storyboard */ = {
			isa = PBXVariantGroup;
			children = (
				FF9FBCEE22A5C0DE00A0C5E3 /* Base */,
			);
			name = LaunchScreen.storyboard;
			sourceTree = "<group>";
		};
/* End PBXVariantGroup section */

/* Begin XCBuildConfiguration section */
		FF9FBCF122A5C0DE00A0C5E3 /* Debug */ = {
			isa = XCBuildConfiguration;
			buildSettings = {
				ALWAYS_SEARCH_USER_PATHS = NO;
				CLANG_ANALYZER_NONNULL = YES;
				CLANG_ANALYZER_NUMBER_OBJECT_CONVERSION = YES_AGGRESSIVE;
				CLANG_CXX_LANGUAGE_STANDARD = "gnu++14";
				CLANG_CXX_LIBRARY = "libc++";
				CLANG_ENABLE_MODULES = YES;
				CLANG_ENABLE_OBJC_ARC = YES;
				CLANG_ENABLE_OBJC_WEAK = YES;
				CLANG_WARN_BLOCK_CAPTURE_AUTORELEASING = YES;
				CLANG_WARN_BOOL_CONVERSION = YES;
				CLANG_WARN_COMMA = YES;
				CLANG_WARN_CONSTANT_CONVERSION = YES;
				CLANG_WARN_DEPRECATED_OBJC_IMPLEMENTATIONS = YES;
				CLANG_WARN_DIRECT_OBJC_ISA_USAGE = YES_ERROR;
				CLANG_WARN_DOCUMENTATION_COMMENTS = YES;
				CLANG_WARN_EMPTY_BODY = YES;
				CLANG_WARN_ENUM_CONVERSION = YES;
				CLANG_WARN_INFINITE_RECURSION = YES;
				CLANG_WARN_INT_CONVERSION = YES;
				CLANG_WARN_NON_LITERAL_NULL_CONVERSION = YES;
				CLANG_WARN_OBJC_IMPLICIT_RETAIN_SELF = YES;
				CLANG_WARN_OBJC_LITERAL_CONVERSION = YES;
				CLANG_WARN_OBJC_ROOT_CLASS = YES_ERROR;
				CLANG_WARN_RANGE_LOOP_ANALYSIS = YES;
				CLANG_WARN_STRICT_PROTOTYPES = YES;
				CLANG_WARN_SUSPICIOUS_MOVE = YES;
				CLANG_WARN_UNGUARDED_AVAILABILITY = YES_AGGRESSIVE;
				CLANG_WARN_UNREACHABLE_CODE = YES;
				CLANG_WARN__DUPLICATE_METHOD_MATCH = YES;
				CODE_SIGN_IDENTITY = "iPhone Developer";
				COPY_PHASE_STRIP = NO;
				DEBUG_INFORMATION_FORMAT = dwarf;
				ENABLE_STRICT_OBJC_MSGSEND = YES;
				ENABLE_TESTABILITY = YES;
				GCC_C_LANGUAGE_STANDARD = gnu11;
				GCC_DYNAMIC_NO_PIC = NO;
				GCC_NO_COMMON_BLOCKS = YES;
				GCC_OPTIMIZATION_LEVEL = 0;
				GCC_PREPROCESSOR_DEFINITIONS = (
					"DEBUG=1",
					"$(inherited)",
				);
				GCC_WARN_64_TO_32_BIT_CONVERSION = YES;
				GCC_WARN_ABOUT_RETURN_TYPE = YES_ERROR;
				GCC_WARN_UNDECLARED_SELECTOR = YES;
				GCC_WARN_UNINITIALIZED_AUTOS = YES_AGGRESSIVE;
				GCC_WARN_UNUSED_FUNCTION = YES;
				GCC_WARN_UNUSED_VARIABLE = YES;
				IPHONEOS_DEPLOYMENT_TARGET = 12.2;
				MTL_ENABLE_DEBUG_INFO = INCLUDE_SOURCE;
				MTL_FAST_MATH = YES;
				ONLY_ACTIVE_ARCH = YES;
				SDKROOT = iphoneos;
				SWIFT_ACTIVE_COMPILATION_CONDITIONS = DEBUG;
				SWIFT_OPTIMIZATION_LEVEL = "-Onone";
			};
			name = Debug;
		};
		FF9FBCF222A5C0DE00A0C5E3 /* Release */ = {
			isa = XCBuildConfiguration;
			buildSettings = {
				ALWAYS_SEARCH_USER_PATHS = NO;
				CLANG_ANALYZER_NONNULL = YES;
				CLANG_ANALYZER_NUMBER_OBJECT_CONVERSION = YES_AGGRESSIVE;
				CLANG_CXX_LANGUAGE_STANDARD = "gnu++14";
				CLANG_CXX_LIBRARY = "libc++";
				CLANG_ENABLE_MODULES = YES;
				CLANG_ENABLE_OBJC_ARC = YES;
				CLANG_ENABLE_OBJC_WEAK = YES;
				CLANG_WARN_BLOCK_CAPTURE_AUTORELEASING = YES;
				CLANG_WARN_BOOL_CONVERSION = YES;
				CLANG_WARN_COMMA = YES;
				CLANG_WARN_CONSTANT_CONVERSION = YES;
				CLANG_WARN_DEPRECATED_OBJC_IMPLEMENTATIONS = YES;
				CLANG_WARN_DIRECT_OBJC_ISA_USAGE = YES_ERROR;
				CLANG_WARN_DOCUMENTATION_COMMENTS = YES;
				CLANG_WARN_EMPTY_BODY = YES;
				CLANG_WARN_ENUM_CONVERSION = YES;
				CLANG_WARN_INFINITE_RECURSION = YES;
				CLANG_WARN_INT_CONVERSION = YES;
				CLANG_WARN_NON_LITERAL_NULL_CONVERSION = YES;
				CLANG_WARN_OBJC_IMPLICIT_RETAIN_SELF = YES;
				CLANG_WARN_OBJC_LITERAL_CONVERSION = YES;
				CLANG_WARN_OBJC_ROOT_CLASS = YES_ERROR;
				CLANG_WARN_RANGE_LOOP_ANALYSIS = YES;
				CLANG_WARN_STRICT_PROTOTYPES = YES;
				CLANG_WARN_SUSPICIOUS_MOVE = YES;
				CLANG_WARN_UNGUARDED_AVAILABILITY = YES_AGGRESSIVE;
				CLANG_WARN_UNREACHABLE_CODE = YES;
				CLANG_WARN__DUPLICATE_METHOD_MATCH = YES;
				CODE_SIGN_IDENTITY = "iPhone Developer";
				COPY_PHASE_STRIP = NO;
				DEBUG_INFORMATION_FORMAT = "dwarf-with-dsym";
				ENABLE_NS_ASSERTIONS = NO;
				ENABLE_STRICT_OBJC_MSGSEND = YES;
				GCC_C_LANGUAGE_STANDARD = gnu11;
				GCC_NO_COMMON_BLOCKS = YES;
				GCC_WARN_64_TO_32_BIT_CONVERSION = YES;
				GCC_WARN_ABOUT_RETURN_TYPE = YES_ERROR;
				GCC_WARN_UNDECLARED_SELECTOR = YES;
				GCC_WARN_UNINITIALIZED_AUTOS = YES_AGGRESSIVE;
				GCC_WARN_UNUSED_FUNCTION = YES;
				GCC_WARN_UNUSED_VARIABLE = YES;
				IPHONEOS_DEPLOYMENT_TARGET = 12.2;
				MTL_ENABLE_DEBUG_INFO = NO;
				MTL_FAST_MATH = YES;
				SDKROOT = iphoneos;
				SWIFT_COMPILATION_MODE = wholemodule;
				SWIFT_OPTIMIZATION_LEVEL = "-O";
				VALIDATE_PRODUCT = YES;
			};
			name = Release;
		};
		FF9FBCF422A5C0DE00A0C5E3 /* Debug */ = {
			isa = XCBuildConfiguration;
			buildSettings = {
				ASSETCATALOG_COMPILER_APPICON_NAME = AppIcon;
				CODE_SIGN_STYLE = Automatic;
				DEVELOPMENT_TEAM = 2LA5UAXN45;
				INFOPLIST_FILE = "CoreData Journal/Info.plist";
				LD_RUNPATH_SEARCH_PATHS = (
					"$(inherited)",
					"@executable_path/Frameworks",
				);
				PRODUCT_BUNDLE_IDENTIFIER = "com.lisamsampson.CoreData-Journal";
				PRODUCT_NAME = "$(TARGET_NAME)";
				SWIFT_VERSION = 5.0;
				TARGETED_DEVICE_FAMILY = "1,2";
			};
			name = Debug;
		};
		FF9FBCF522A5C0DE00A0C5E3 /* Release */ = {
			isa = XCBuildConfiguration;
			buildSettings = {
				ASSETCATALOG_COMPILER_APPICON_NAME = AppIcon;
				CODE_SIGN_STYLE = Automatic;
				DEVELOPMENT_TEAM = 2LA5UAXN45;
				INFOPLIST_FILE = "CoreData Journal/Info.plist";
				LD_RUNPATH_SEARCH_PATHS = (
					"$(inherited)",
					"@executable_path/Frameworks",
				);
				PRODUCT_BUNDLE_IDENTIFIER = "com.lisamsampson.CoreData-Journal";
				PRODUCT_NAME = "$(TARGET_NAME)";
				SWIFT_VERSION = 5.0;
				TARGETED_DEVICE_FAMILY = "1,2";
			};
			name = Release;
		};
/* End XCBuildConfiguration section */

/* Begin XCConfigurationList section */
		FF9FBCDC22A5C0DD00A0C5E3 /* Build configuration list for PBXProject "CoreData Journal" */ = {
			isa = XCConfigurationList;
			buildConfigurations = (
				FF9FBCF122A5C0DE00A0C5E3 /* Debug */,
				FF9FBCF222A5C0DE00A0C5E3 /* Release */,
			);
			defaultConfigurationIsVisible = 0;
			defaultConfigurationName = Release;
		};
		FF9FBCF322A5C0DE00A0C5E3 /* Build configuration list for PBXNativeTarget "CoreData Journal" */ = {
			isa = XCConfigurationList;
			buildConfigurations = (
				FF9FBCF422A5C0DE00A0C5E3 /* Debug */,
				FF9FBCF522A5C0DE00A0C5E3 /* Release */,
			);
			defaultConfigurationIsVisible = 0;
			defaultConfigurationName = Release;
		};
/* End XCConfigurationList section */
	};
	rootObject = FF9FBCD922A5C0DD00A0C5E3 /* Project object */;
}
